
Microsoft Visual Studio Solution File, Format Version 12.00
# Visual Studio Version 16
VisualStudioVersion = 16.0.30711.63
MinimumVisualStudioVersion = 10.0.40219.1
Project("{FAE04EC0-301F-11D3-BF4B-00C04F79EFBC}") = "ProjectWarehouse", "ProjectWarehouse\ProjectWarehouse.csproj", "{229584A1-3E6B-4A5C-8804-FF633C8E173F}"
EndProject
Global
	GlobalSection(SolutionConfigurationPlatforms) = preSolution
		Debug|Any CPU = Debug|Any CPU
		Release|Any CPU = Release|Any CPU
	EndGlobalSection
	GlobalSection(ProjectConfigurationPlatforms) = postSolution
		{229584A1-3E6B-4A5C-8804-FF633C8E173F}.Debug|Any CPU.ActiveCfg = Debug|Any CPU
		{229584A1-3E6B-4A5C-8804-FF633C8E173F}.Debug|Any CPU.Build.0 = Debug|Any CPU
		{229584A1-3E6B-4A5C-8804-FF633C8E173F}.Release|Any CPU.ActiveCfg = Release|Any CPU
		{229584A1-3E6B-4A5C-8804-FF633C8E173F}.Release|Any CPU.Build.0 = Release|Any CPU
	EndGlobalSection
	GlobalSection(SolutionProperties) = preSolution
		HideSolutionNode = FALSE
	EndGlobalSection
	GlobalSection(ExtensibilityGlobals) = postSolution
		SolutionGuid = {FC27BAFD-50F9-4304-A6DF-2C3E012B4B9C}
	EndGlobalSection
EndGlobal
